
Microsoft Visual Studio Solution File, Format Version 12.00
Project("{FAE04EC0-301F-11D3-BF4B-00C04F79EFBC}") = "Calculator", "Calculator\Calculator.csproj", "{6254300B-CA28-4244-8E88-FFB3DFE56261}"
EndProject
Project("{FAE04EC0-301F-11D3-BF4B-00C04F79EFBC}") = "TemperaturConverter", "TemperaturConverter\TemperaturConverter.csproj", "{B76110B7-FAF1-4274-8C27-7A62973FF005}"
EndProject
Project("{FAE04EC0-301F-11D3-BF4B-00C04F79EFBC}") = "ToDo", "ToDo\ToDo.csproj", "{68188BBD-ADEA-4E31-8948-AE5812B89AE2}"
EndProject
Global
	GlobalSection(SolutionConfigurationPlatforms) = preSolution
		Debug|Any CPU = Debug|Any CPU
		Release|Any CPU = Release|Any CPU
	EndGlobalSection
	GlobalSection(ProjectConfigurationPlatforms) = postSolution
		{6254300B-CA28-4244-8E88-FFB3DFE56261}.Debug|Any CPU.ActiveCfg = Debug|Any CPU
		{6254300B-CA28-4244-8E88-FFB3DFE56261}.Debug|Any CPU.Build.0 = Debug|Any CPU
		{6254300B-CA28-4244-8E88-FFB3DFE56261}.Release|Any CPU.ActiveCfg = Release|Any CPU
		{6254300B-CA28-4244-8E88-FFB3DFE56261}.Release|Any CPU.Build.0 = Release|Any CPU
		{B76110B7-FAF1-4274-8C27-7A62973FF005}.Debug|Any CPU.ActiveCfg = Debug|Any CPU
		{B76110B7-FAF1-4274-8C27-7A62973FF005}.Debug|Any CPU.Build.0 = Debug|Any CPU
		{B76110B7-FAF1-4274-8C27-7A62973FF005}.Release|Any CPU.ActiveCfg = Release|Any CPU
		{B76110B7-FAF1-4274-8C27-7A62973FF005}.Release|Any CPU.Build.0 = Release|Any CPU
		{68188BBD-ADEA-4E31-8948-AE5812B89AE2}.Debug|Any CPU.ActiveCfg = Debug|Any CPU
		{68188BBD-ADEA-4E31-8948-AE5812B89AE2}.Debug|Any CPU.Build.0 = Debug|Any CPU
		{68188BBD-ADEA-4E31-8948-AE5812B89AE2}.Release|Any CPU.ActiveCfg = Release|Any CPU
		{68188BBD-ADEA-4E31-8948-AE5812B89AE2}.Release|Any CPU.Build.0 = Release|Any CPU
	EndGlobalSection
EndGlobal
